
Microsoft Visual Studio Solution File, Format Version 12.00
# Visual Studio Version 17
VisualStudioVersion = 17.0.32014.148
MinimumVisualStudioVersion = 10.0.40219.1
Project("{FAE04EC0-301F-11D3-BF4B-00C04F79EFBC}") = "UserRegistration", "UserRegistration.csproj", "{DF63BD5D-B7E8-4C6F-8903-D1F10E8FE4F8}"
EndProject
Global
	GlobalSection(SolutionConfigurationPlatforms) = preSolution
		Debug|Any CPU = Debug|Any CPU
		Release|Any CPU = Release|Any CPU
	EndGlobalSection
	GlobalSection(ProjectConfigurationPlatforms) = postSolution
		{DF63BD5D-B7E8-4C6F-8903-D1F10E8FE4F8}.Debug|Any CPU.ActiveCfg = Debug|Any CPU
		{DF63BD5D-B7E8-4C6F-8903-D1F10E8FE4F8}.Debug|Any CPU.Build.0 = Debug|Any CPU
		{DF63BD5D-B7E8-4C6F-8903-D1F10E8FE4F8}.Release|Any CPU.ActiveCfg = Release|Any CPU
		{DF63BD5D-B7E8-4C6F-8903-D1F10E8FE4F8}.Release|Any CPU.Build.0 = Release|Any CPU
	EndGlobalSection
	GlobalSection(SolutionProperties) = preSolution
		HideSolutionNode = FALSE
	EndGlobalSection
	GlobalSection(ExtensibilityGlobals) = postSolution
		SolutionGuid = {5F99CA9A-2E46-4EBA-9B3F-B9C15691DFEF}
	EndGlobalSection
EndGlobal
